
Microsoft Visual Studio Solution File, Format Version 12.00
# Visual Studio Version 17
VisualStudioVersion = 17.8.34601.278
MinimumVisualStudioVersion = 10.0.40219.1
Project("{FAE04EC0-301F-11D3-BF4B-00C04F79EFBC}") = "Workaround", "Workaround\Workaround.csproj", "{E7A7A147-4E1C-4AD9-890E-F15E87C00E38}"
EndProject
Project("{FAE04EC0-301F-11D3-BF4B-00C04F79EFBC}") = "Entities", "Entities\Entities.csproj", "{B105EAB3-A62B-49D6-B1D3-462D85DB1013}"
EndProject
Project("{FAE04EC0-301F-11D3-BF4B-00C04F79EFBC}") = "Business", "Business\Business.csproj", "{71524AD1-78A7-4635-AC87-5E8C52A564D2}"
EndProject
Global
	GlobalSection(SolutionConfigurationPlatforms) = preSolution
		Debug|Any CPU = Debug|Any CPU
		Release|Any CPU = Release|Any CPU
	EndGlobalSection
	GlobalSection(ProjectConfigurationPlatforms) = postSolution
		{E7A7A147-4E1C-4AD9-890E-F15E87C00E38}.Debug|Any CPU.ActiveCfg = Debug|Any CPU
		{E7A7A147-4E1C-4AD9-890E-F15E87C00E38}.Debug|Any CPU.Build.0 = Debug|Any CPU
		{E7A7A147-4E1C-4AD9-890E-F15E87C00E38}.Release|Any CPU.ActiveCfg = Release|Any CPU
		{E7A7A147-4E1C-4AD9-890E-F15E87C00E38}.Release|Any CPU.Build.0 = Release|Any CPU
		{B105EAB3-A62B-49D6-B1D3-462D85DB1013}.Debug|Any CPU.ActiveCfg = Debug|Any CPU
		{B105EAB3-A62B-49D6-B1D3-462D85DB1013}.Debug|Any CPU.Build.0 = Debug|Any CPU
		{B105EAB3-A62B-49D6-B1D3-462D85DB1013}.Release|Any CPU.ActiveCfg = Release|Any CPU
		{B105EAB3-A62B-49D6-B1D3-462D85DB1013}.Release|Any CPU.Build.0 = Release|Any CPU
		{71524AD1-78A7-4635-AC87-5E8C52A564D2}.Debug|Any CPU.ActiveCfg = Debug|Any CPU
		{71524AD1-78A7-4635-AC87-5E8C52A564D2}.Debug|Any CPU.Build.0 = Debug|Any CPU
		{71524AD1-78A7-4635-AC87-5E8C52A564D2}.Release|Any CPU.ActiveCfg = Release|Any CPU
		{71524AD1-78A7-4635-AC87-5E8C52A564D2}.Release|Any CPU.Build.0 = Release|Any CPU
	EndGlobalSection
	GlobalSection(SolutionProperties) = preSolution
		HideSolutionNode = FALSE
	EndGlobalSection
	GlobalSection(ExtensibilityGlobals) = postSolution
		SolutionGuid = {08D39C71-8718-4895-99E2-35AC593266BC}
	EndGlobalSection
EndGlobal
